// !$*UTF8*$!
{
	archiveVersion = 1;
	classes = {
	};
	objectVersion = 56;
	objects = {

/* Begin PBXBuildFile section */
		D820666C29F9FD35006B01D2 /* UploadView.swift in Sources */ = {isa = PBXBuildFile; fileRef = D820666B29F9FD35006B01D2 /* UploadView.swift */; };
		D820666E29FA0ED5006B01D2 /* Vote.swift in Sources */ = {isa = PBXBuildFile; fileRef = D820666D29FA0ED5006B01D2 /* Vote.swift */; };
		D820667029FA0F6B006B01D2 /* VoteView.swift in Sources */ = {isa = PBXBuildFile; fileRef = D820666F29FA0F6B006B01D2 /* VoteView.swift */; };
		D820667229FA12A6006B01D2 /* UpvoteView.swift in Sources */ = {isa = PBXBuildFile; fileRef = D820667129FA12A6006B01D2 /* UpvoteView.swift */; };
		D820667429FA15CC006B01D2 /* UpvoteViewModel.swift in Sources */ = {isa = PBXBuildFile; fileRef = D820667329FA15CC006B01D2 /* UpvoteViewModel.swift */; };
		D820667829FA422C006B01D2 /* User.swift in Sources */ = {isa = PBXBuildFile; fileRef = D820667729FA422C006B01D2 /* User.swift */; };
		D820668429FA4819006B01D2 /* BarView.swift in Sources */ = {isa = PBXBuildFile; fileRef = D820668329FA4819006B01D2 /* BarView.swift */; };
		D820668629FA491F006B01D2 /* ProfileView.swift in Sources */ = {isa = PBXBuildFile; fileRef = D820668529FA491F006B01D2 /* ProfileView.swift */; };
		D820668829FA4CC4006B01D2 /* UserViewModel.swift in Sources */ = {isa = PBXBuildFile; fileRef = D820668729FA4CC4006B01D2 /* UserViewModel.swift */; };
		D8DE553429F9CD0400BA5E71 /* VotoApp.swift in Sources */ = {isa = PBXBuildFile; fileRef = D8DE553329F9CD0400BA5E71 /* VotoApp.swift */; };
		D8DE553629F9CD0400BA5E71 /* MainView.swift in Sources */ = {isa = PBXBuildFile; fileRef = D8DE553529F9CD0400BA5E71 /* MainView.swift */; };
		D8DE553829F9CD0800BA5E71 /* Assets.xcassets in Resources */ = {isa = PBXBuildFile; fileRef = D8DE553729F9CD0800BA5E71 /* Assets.xcassets */; };
		D8DE553B29F9CD0900BA5E71 /* Preview Assets.xcassets in Resources */ = {isa = PBXBuildFile; fileRef = D8DE553A29F9CD0900BA5E71 /* Preview Assets.xcassets */; };
		D8DE554229F9CD4700BA5E71 /* GoogleService-Info.plist in Resources */ = {isa = PBXBuildFile; fileRef = D8DE554129F9CD4700BA5E71 /* GoogleService-Info.plist */; };
		D8DE554529F9CDA900BA5E71 /* FirebaseAuth in Frameworks */ = {isa = PBXBuildFile; productRef = D8DE554429F9CDA900BA5E71 /* FirebaseAuth */; };
		D8DE554729F9CDA900BA5E71 /* FirebaseFirestore in Frameworks */ = {isa = PBXBuildFile; productRef = D8DE554629F9CDA900BA5E71 /* FirebaseFirestore */; };
		D8DE554929F9CDA900BA5E71 /* FirebaseFirestoreSwift in Frameworks */ = {isa = PBXBuildFile; productRef = D8DE554829F9CDA900BA5E71 /* FirebaseFirestoreSwift */; };
		D8DE554B29F9CDA900BA5E71 /* FirebaseStorage in Frameworks */ = {isa = PBXBuildFile; productRef = D8DE554A29F9CDA900BA5E71 /* FirebaseStorage */; };
		D8DE554D29F9CE5E00BA5E71 /* LoginView.swift in Sources */ = {isa = PBXBuildFile; fileRef = D8DE554C29F9CE5E00BA5E71 /* LoginView.swift */; };
		D8DE555229F9CFD000BA5E71 /* Upload.swift in Sources */ = {isa = PBXBuildFile; fileRef = D8DE555129F9CFD000BA5E71 /* Upload.swift */; };
		D8DE555429F9D09000BA5E71 /* UploadViewModel.swift in Sources */ = {isa = PBXBuildFile; fileRef = D8DE555329F9D09000BA5E71 /* UploadViewModel.swift */; };
/* End PBXBuildFile section */

/* Begin PBXFileReference section */
		D820666B29F9FD35006B01D2 /* UploadView.swift */ = {isa = PBXFileReference; lastKnownFileType = sourcecode.swift; path = UploadView.swift; sourceTree = "<group>"; };
		D820666D29FA0ED5006B01D2 /* Vote.swift */ = {isa = PBXFileReference; lastKnownFileType = sourcecode.swift; path = Vote.swift; sourceTree = "<group>"; };
		D820666F29FA0F6B006B01D2 /* VoteView.swift */ = {isa = PBXFileReference; lastKnownFileType = sourcecode.swift; path = VoteView.swift; sourceTree = "<group>"; };
		D820667129FA12A6006B01D2 /* UpvoteView.swift */ = {isa = PBXFileReference; lastKnownFileType = sourcecode.swift; path = UpvoteView.swift; sourceTree = "<group>"; };
		D820667329FA15CC006B01D2 /* UpvoteViewModel.swift */ = {isa = PBXFileReference; lastKnownFileType = sourcecode.swift; path = UpvoteViewModel.swift; sourceTree = "<group>"; };
		D820667729FA422C006B01D2 /* User.swift */ = {isa = PBXFileReference; lastKnownFileType = sourcecode.swift; path = User.swift; sourceTree = "<group>"; };
		D820668329FA4819006B01D2 /* BarView.swift */ = {isa = PBXFileReference; lastKnownFileType = sourcecode.swift; path = BarView.swift; sourceTree = "<group>"; };
		D820668529FA491F006B01D2 /* ProfileView.swift */ = {isa = PBXFileReference; lastKnownFileType = sourcecode.swift; path = ProfileView.swift; sourceTree = "<group>"; };
		D820668729FA4CC4006B01D2 /* UserViewModel.swift */ = {isa = PBXFileReference; lastKnownFileType = sourcecode.swift; path = UserViewModel.swift; sourceTree = "<group>"; };
		D8DE553029F9CD0400BA5E71 /* Voto.app */ = {isa = PBXFileReference; explicitFileType = wrapper.application; includeInIndex = 0; path = Voto.app; sourceTree = BUILT_PRODUCTS_DIR; };
		D8DE553329F9CD0400BA5E71 /* VotoApp.swift */ = {isa = PBXFileReference; lastKnownFileType = sourcecode.swift; path = VotoApp.swift; sourceTree = "<group>"; };
		D8DE553529F9CD0400BA5E71 /* MainView.swift */ = {isa = PBXFileReference; lastKnownFileType = sourcecode.swift; path = MainView.swift; sourceTree = "<group>"; };
		D8DE553729F9CD0800BA5E71 /* Assets.xcassets */ = {isa = PBXFileReference; lastKnownFileType = folder.assetcatalog; path = Assets.xcassets; sourceTree = "<group>"; };
		D8DE553A29F9CD0900BA5E71 /* Preview Assets.xcassets */ = {isa = PBXFileReference; lastKnownFileType = folder.assetcatalog; path = "Preview Assets.xcassets"; sourceTree = "<group>"; };
		D8DE554129F9CD4700BA5E71 /* GoogleService-Info.plist */ = {isa = PBXFileReference; fileEncoding = 4; lastKnownFileType = text.plist.xml; path = "GoogleService-Info.plist"; sourceTree = "<group>"; };
		D8DE554C29F9CE5E00BA5E71 /* LoginView.swift */ = {isa = PBXFileReference; lastKnownFileType = sourcecode.swift; path = LoginView.swift; sourceTree = "<group>"; };
		D8DE555129F9CFD000BA5E71 /* Upload.swift */ = {isa = PBXFileReference; lastKnownFileType = sourcecode.swift; path = Upload.swift; sourceTree = "<group>"; };
		D8DE555329F9D09000BA5E71 /* UploadViewModel.swift */ = {isa = PBXFileReference; lastKnownFileType = sourcecode.swift; path = UploadViewModel.swift; sourceTree = "<group>"; };
/* End PBXFileReference section */

/* Begin PBXFrameworksBuildPhase section */
		D8DE552D29F9CD0400BA5E71 /* Frameworks */ = {
			isa = PBXFrameworksBuildPhase;
			buildActionMask = 2147483647;
			files = (
				D8DE554529F9CDA900BA5E71 /* FirebaseAuth in Frameworks */,
				D8DE554B29F9CDA900BA5E71 /* FirebaseStorage in Frameworks */,
				D8DE554729F9CDA900BA5E71 /* FirebaseFirestore in Frameworks */,
				D8DE554929F9CDA900BA5E71 /* FirebaseFirestoreSwift in Frameworks */,
			);
			runOnlyForDeploymentPostprocessing = 0;
		};
/* End PBXFrameworksBuildPhase section */

/* Begin PBXGroup section */
		D8DE552729F9CD0400BA5E71 = {
			isa = PBXGroup;
			children = (
				D8DE553229F9CD0400BA5E71 /* Voto */,
				D8DE553129F9CD0400BA5E71 /* Products */,
			);
			sourceTree = "<group>";
		};
		D8DE553129F9CD0400BA5E71 /* Products */ = {
			isa = PBXGroup;
			children = (
				D8DE553029F9CD0400BA5E71 /* Voto.app */,
			);
			name = Products;
			sourceTree = "<group>";
		};
		D8DE553229F9CD0400BA5E71 /* Voto */ = {
			isa = PBXGroup;
			children = (
				D8DE553329F9CD0400BA5E71 /* VotoApp.swift */,
				D8DE554E29F9CF6400BA5E71 /* Models */,
				D8DE554F29F9CF8300BA5E71 /* ViewModels */,
				D8DE555029F9CF9000BA5E71 /* Views */,
				D8DE553729F9CD0800BA5E71 /* Assets.xcassets */,
				D8DE554129F9CD4700BA5E71 /* GoogleService-Info.plist */,
				D8DE553929F9CD0900BA5E71 /* Preview Content */,
			);
			path = Voto;
			sourceTree = "<group>";
		};
		D8DE553929F9CD0900BA5E71 /* Preview Content */ = {
			isa = PBXGroup;
			children = (
				D8DE553A29F9CD0900BA5E71 /* Preview Assets.xcassets */,
			);
			path = "Preview Content";
			sourceTree = "<group>";
		};
		D8DE554E29F9CF6400BA5E71 /* Models */ = {
			isa = PBXGroup;
			children = (
				D8DE555129F9CFD000BA5E71 /* Upload.swift */,
				D820667729FA422C006B01D2 /* User.swift */,
				D820666D29FA0ED5006B01D2 /* Vote.swift */,
			);
			path = Models;
			sourceTree = "<group>";
		};
		D8DE554F29F9CF8300BA5E71 /* ViewModels */ = {
			isa = PBXGroup;
			children = (
				D8DE555329F9D09000BA5E71 /* UploadViewModel.swift */,
				D820668729FA4CC4006B01D2 /* UserViewModel.swift */,
				D820667329FA15CC006B01D2 /* UpvoteViewModel.swift */,
			);
			path = ViewModels;
			sourceTree = "<group>";
		};
		D8DE555029F9CF9000BA5E71 /* Views */ = {
			isa = PBXGroup;
			children = (
				D8DE554C29F9CE5E00BA5E71 /* LoginView.swift */,
				D820668329FA4819006B01D2 /* BarView.swift */,
				D8DE553529F9CD0400BA5E71 /* MainView.swift */,
				D820666B29F9FD35006B01D2 /* UploadView.swift */,
				D820666F29FA0F6B006B01D2 /* VoteView.swift */,
				D820667129FA12A6006B01D2 /* UpvoteView.swift */,
				D820668529FA491F006B01D2 /* ProfileView.swift */,
			);
			path = Views;
			sourceTree = "<group>";
		};
/* End PBXGroup section */

/* Begin PBXNativeTarget section */
		D8DE552F29F9CD0400BA5E71 /* Voto */ = {
			isa = PBXNativeTarget;
			buildConfigurationList = D8DE553E29F9CD0900BA5E71 /* Build configuration list for PBXNativeTarget "Voto" */;
			buildPhases = (
				D8DE552C29F9CD0400BA5E71 /* Sources */,
				D8DE552D29F9CD0400BA5E71 /* Frameworks */,
				D8DE552E29F9CD0400BA5E71 /* Resources */,
			);
			buildRules = (
			);
			dependencies = (
			);
			name = Voto;
			packageProductDependencies = (
				D8DE554429F9CDA900BA5E71 /* FirebaseAuth */,
				D8DE554629F9CDA900BA5E71 /* FirebaseFirestore */,
				D8DE554829F9CDA900BA5E71 /* FirebaseFirestoreSwift */,
				D8DE554A29F9CDA900BA5E71 /* FirebaseStorage */,
			);
			productName = Voto;
			productReference = D8DE553029F9CD0400BA5E71 /* Voto.app */;
			productType = "com.apple.product-type.application";
		};
/* End PBXNativeTarget section */

/* Begin PBXProject section */
		D8DE552829F9CD0400BA5E71 /* Project object */ = {
			isa = PBXProject;
			attributes = {
				BuildIndependentTargetsInParallel = 1;
				LastSwiftUpdateCheck = 1430;
				LastUpgradeCheck = 1430;
				TargetAttributes = {
					D8DE552F29F9CD0400BA5E71 = {
						CreatedOnToolsVersion = 14.3;
					};
				};
			};
			buildConfigurationList = D8DE552B29F9CD0400BA5E71 /* Build configuration list for PBXProject "Voto" */;
			compatibilityVersion = "Xcode 14.0";
			developmentRegion = en;
			hasScannedForEncodings = 0;
			knownRegions = (
				en,
				Base,
			);
			mainGroup = D8DE552729F9CD0400BA5E71;
			packageReferences = (
				D8DE554329F9CDA900BA5E71 /* XCRemoteSwiftPackageReference "firebase-ios-sdk" */,
			);
			productRefGroup = D8DE553129F9CD0400BA5E71 /* Products */;
			projectDirPath = "";
			projectRoot = "";
			targets = (
				D8DE552F29F9CD0400BA5E71 /* Voto */,
			);
		};
/* End PBXProject section */

/* Begin PBXResourcesBuildPhase section */
		D8DE552E29F9CD0400BA5E71 /* Resources */ = {
			isa = PBXResourcesBuildPhase;
			buildActionMask = 2147483647;
			files = (
				D8DE553B29F9CD0900BA5E71 /* Preview Assets.xcassets in Resources */,
				D8DE553829F9CD0800BA5E71 /* Assets.xcassets in Resources */,
				D8DE554229F9CD4700BA5E71 /* GoogleService-Info.plist in Resources */,
			);
			runOnlyForDeploymentPostprocessing = 0;
		};
/* End PBXResourcesBuildPhase section */

/* Begin PBXSourcesBuildPhase section */
		D8DE552C29F9CD0400BA5E71 /* Sources */ = {
			isa = PBXSourcesBuildPhase;
			buildActionMask = 2147483647;
			files = (
				D8DE555229F9CFD000BA5E71 /* Upload.swift in Sources */,
				D820666C29F9FD35006B01D2 /* UploadView.swift in Sources */,
				D820667029FA0F6B006B01D2 /* VoteView.swift in Sources */,
				D8DE555429F9D09000BA5E71 /* UploadViewModel.swift in Sources */,
				D820667429FA15CC006B01D2 /* UpvoteViewModel.swift in Sources */,
				D820668629FA491F006B01D2 /* ProfileView.swift in Sources */,
				D820666E29FA0ED5006B01D2 /* Vote.swift in Sources */,
				D820668429FA4819006B01D2 /* BarView.swift in Sources */,
				D8DE554D29F9CE5E00BA5E71 /* LoginView.swift in Sources */,
				D8DE553629F9CD0400BA5E71 /* MainView.swift in Sources */,
				D820667229FA12A6006B01D2 /* UpvoteView.swift in Sources */,
				D820668829FA4CC4006B01D2 /* UserViewModel.swift in Sources */,
				D8DE553429F9CD0400BA5E71 /* VotoApp.swift in Sources */,
				D820667829FA422C006B01D2 /* User.swift in Sources */,
			);
			runOnlyForDeploymentPostprocessing = 0;
		};
/* End PBXSourcesBuildPhase section */

/* Begin XCBuildConfiguration section */
		D8DE553C29F9CD0900BA5E71 /* Debug */ = {
			isa = XCBuildConfiguration;
			buildSettings = {
				ALWAYS_SEARCH_USER_PATHS = NO;
				CLANG_ANALYZER_NONNULL = YES;
				CLANG_ANALYZER_NUMBER_OBJECT_CONVERSION = YES_AGGRESSIVE;
				CLANG_CXX_LANGUAGE_STANDARD = "gnu++20";
				CLANG_ENABLE_MODULES = YES;
				CLANG_ENABLE_OBJC_ARC = YES;
				CLANG_ENABLE_OBJC_WEAK = YES;
				CLANG_WARN_BLOCK_CAPTURE_AUTORELEASING = YES;
				CLANG_WARN_BOOL_CONVERSION = YES;
				CLANG_WARN_COMMA = YES;
				CLANG_WARN_CONSTANT_CONVERSION = YES;
				CLANG_WARN_DEPRECATED_OBJC_IMPLEMENTATIONS = YES;
				CLANG_WARN_DIRECT_OBJC_ISA_USAGE = YES_ERROR;
				CLANG_WARN_DOCUMENTATION_COMMENTS = YES;
				CLANG_WARN_EMPTY_BODY = YES;
				CLANG_WARN_ENUM_CONVERSION = YES;
				CLANG_WARN_INFINITE_RECURSION = YES;
				CLANG_WARN_INT_CONVERSION = YES;
				CLANG_WARN_NON_LITERAL_NULL_CONVERSION = YES;
				CLANG_WARN_OBJC_IMPLICIT_RETAIN_SELF = YES;
				CLANG_WARN_OBJC_LITERAL_CONVERSION = YES;
				CLANG_WARN_OBJC_ROOT_CLASS = YES_ERROR;
				CLANG_WARN_QUOTED_INCLUDE_IN_FRAMEWORK_HEADER = YES;
				CLANG_WARN_RANGE_LOOP_ANALYSIS = YES;
				CLANG_WARN_STRICT_PROTOTYPES = YES;
				CLANG_WARN_SUSPICIOUS_MOVE = YES;
				CLANG_WARN_UNGUARDED_AVAILABILITY = YES_AGGRESSIVE;
				CLANG_WARN_UNREACHABLE_CODE = YES;
				CLANG_WARN__DUPLICATE_METHOD_MATCH = YES;
				COPY_PHASE_STRIP = NO;
				DEBUG_INFORMATION_FORMAT = dwarf;
				ENABLE_STRICT_OBJC_MSGSEND = YES;
				ENABLE_TESTABILITY = YES;
				GCC_C_LANGUAGE_STANDARD = gnu11;
				GCC_DYNAMIC_NO_PIC = NO;
				GCC_NO_COMMON_BLOCKS = YES;
				GCC_OPTIMIZATION_LEVEL = 0;
				GCC_PREPROCESSOR_DEFINITIONS = (
					"DEBUG=1",
					"$(inherited)",
				);
				GCC_WARN_64_TO_32_BIT_CONVERSION = YES;
				GCC_WARN_ABOUT_RETURN_TYPE = YES_ERROR;
				GCC_WARN_UNDECLARED_SELECTOR = YES;
				GCC_WARN_UNINITIALIZED_AUTOS = YES_AGGRESSIVE;
				GCC_WARN_UNUSED_FUNCTION = YES;
				GCC_WARN_UNUSED_VARIABLE = YES;
				IPHONEOS_DEPLOYMENT_TARGET = 16.4;
				MTL_ENABLE_DEBUG_INFO = INCLUDE_SOURCE;
				MTL_FAST_MATH = YES;
				ONLY_ACTIVE_ARCH = YES;
				SDKROOT = iphoneos;
				SWIFT_ACTIVE_COMPILATION_CONDITIONS = DEBUG;
				SWIFT_OPTIMIZATION_LEVEL = "-Onone";
			};
			name = Debug;
		};
		D8DE553D29F9CD0900BA5E71 /* Release */ = {
			isa = XCBuildConfiguration;
			buildSettings = {
				ALWAYS_SEARCH_USER_PATHS = NO;
				CLANG_ANALYZER_NONNULL = YES;
				CLANG_ANALYZER_NUMBER_OBJECT_CONVERSION = YES_AGGRESSIVE;
				CLANG_CXX_LANGUAGE_STANDARD = "gnu++20";
				CLANG_ENABLE_MODULES = YES;
				CLANG_ENABLE_OBJC_ARC = YES;
				CLANG_ENABLE_OBJC_WEAK = YES;
				CLANG_WARN_BLOCK_CAPTURE_AUTORELEASING = YES;
				CLANG_WARN_BOOL_CONVERSION = YES;
				CLANG_WARN_COMMA = YES;
				CLANG_WARN_CONSTANT_CONVERSION = YES;
				CLANG_WARN_DEPRECATED_OBJC_IMPLEMENTATIONS = YES;
				CLANG_WARN_DIRECT_OBJC_ISA_USAGE = YES_ERROR;
				CLANG_WARN_DOCUMENTATION_COMMENTS = YES;
				CLANG_WARN_EMPTY_BODY = YES;
				CLANG_WARN_ENUM_CONVERSION = YES;
				CLANG_WARN_INFINITE_RECURSION = YES;
				CLANG_WARN_INT_CONVERSION = YES;
				CLANG_WARN_NON_LITERAL_NULL_CONVERSION = YES;
				CLANG_WARN_OBJC_IMPLICIT_RETAIN_SELF = YES;
				CLANG_WARN_OBJC_LITERAL_CONVERSION = YES;
				CLANG_WARN_OBJC_ROOT_CLASS = YES_ERROR;
				CLANG_WARN_QUOTED_INCLUDE_IN_FRAMEWORK_HEADER = YES;
				CLANG_WARN_RANGE_LOOP_ANALYSIS = YES;
				CLANG_WARN_STRICT_PROTOTYPES = YES;
				CLANG_WARN_SUSPICIOUS_MOVE = YES;
				CLANG_WARN_UNGUARDED_AVAILABILITY = YES_AGGRESSIVE;
				CLANG_WARN_UNREACHABLE_CODE = YES;
				CLANG_WARN__DUPLICATE_METHOD_MATCH = YES;
				COPY_PHASE_STRIP = NO;
				DEBUG_INFORMATION_FORMAT = "dwarf-with-dsym";
				ENABLE_NS_ASSERTIONS = NO;
				ENABLE_STRICT_OBJC_MSGSEND = YES;
				GCC_C_LANGUAGE_STANDARD = gnu11;
				GCC_NO_COMMON_BLOCKS = YES;
				GCC_WARN_64_TO_32_BIT_CONVERSION = YES;
				GCC_WARN_ABOUT_RETURN_TYPE = YES_ERROR;
				GCC_WARN_UNDECLARED_SELECTOR = YES;
				GCC_WARN_UNINITIALIZED_AUTOS = YES_AGGRESSIVE;
				GCC_WARN_UNUSED_FUNCTION = YES;
				GCC_WARN_UNUSED_VARIABLE = YES;
				IPHONEOS_DEPLOYMENT_TARGET = 16.4;
				MTL_ENABLE_DEBUG_INFO = NO;
				MTL_FAST_MATH = YES;
				SDKROOT = iphoneos;
				SWIFT_COMPILATION_MODE = wholemodule;
				SWIFT_OPTIMIZATION_LEVEL = "-O";
				VALIDATE_PRODUCT = YES;
			};
			name = Release;
		};
		D8DE553F29F9CD0900BA5E71 /* Debug */ = {
			isa = XCBuildConfiguration;
			buildSettings = {
				ASSETCATALOG_COMPILER_APPICON_NAME = AppIcon;
				ASSETCATALOG_COMPILER_GLOBAL_ACCENT_COLOR_NAME = AccentColor;
				CODE_SIGN_STYLE = Automatic;
				CURRENT_PROJECT_VERSION = 1;
				DEVELOPMENT_ASSET_PATHS = "\"Voto/Preview Content\"";
				DEVELOPMENT_TEAM = H2WR7T292G;
				ENABLE_PREVIEWS = YES;
				GENERATE_INFOPLIST_FILE = YES;
				INFOPLIST_KEY_UIApplicationSceneManifest_Generation = YES;
				INFOPLIST_KEY_UIApplicationSupportsIndirectInputEvents = YES;
				INFOPLIST_KEY_UILaunchScreen_Generation = YES;
				INFOPLIST_KEY_UISupportedInterfaceOrientations_iPad = "UIInterfaceOrientationPortrait UIInterfaceOrientationPortraitUpsideDown UIInterfaceOrientationLandscapeLeft UIInterfaceOrientationLandscapeRight";
				INFOPLIST_KEY_UISupportedInterfaceOrientations_iPhone = "UIInterfaceOrientationPortrait UIInterfaceOrientationLandscapeLeft UIInterfaceOrientationLandscapeRight";
				LD_RUNPATH_SEARCH_PATHS = (
					"$(inherited)",
					"@executable_path/Frameworks",
				);
				MARKETING_VERSION = 1.0;
				PRODUCT_BUNDLE_IDENTIFIER = eelneb.Voto;
				PRODUCT_NAME = "$(TARGET_NAME)";
				SWIFT_EMIT_LOC_STRINGS = YES;
				SWIFT_VERSION = 5.0;
				TARGETED_DEVICE_FAMILY = "1,2";
			};
			name = Debug;
		};
		D8DE554029F9CD0900BA5E71 /* Release */ = {
			isa = XCBuildConfiguration;
			buildSettings = {
				ASSETCATALOG_COMPILER_APPICON_NAME = AppIcon;
				ASSETCATALOG_COMPILER_GLOBAL_ACCENT_COLOR_NAME = AccentColor;
				CODE_SIGN_STYLE = Automatic;
				CURRENT_PROJECT_VERSION = 1;
				DEVELOPMENT_ASSET_PATHS = "\"Voto/Preview Content\"";
				DEVELOPMENT_TEAM = H2WR7T292G;
				ENABLE_PREVIEWS = YES;
				GENERATE_INFOPLIST_FILE = YES;
				INFOPLIST_KEY_UIApplicationSceneManifest_Generation = YES;
				INFOPLIST_KEY_UIApplicationSupportsIndirectInputEvents = YES;
				INFOPLIST_KEY_UILaunchScreen_Generation = YES;
				INFOPLIST_KEY_UISupportedInterfaceOrientations_iPad = "UIInterfaceOrientationPortrait UIInterfaceOrientationPortraitUpsideDown UIInterfaceOrientationLandscapeLeft UIInterfaceOrientationLandscapeRight";
				INFOPLIST_KEY_UISupportedInterfaceOrientations_iPhone = "UIInterfaceOrientationPortrait UIInterfaceOrientationLandscapeLeft UIInterfaceOrientationLandscapeRight";
				LD_RUNPATH_SEARCH_PATHS = (
					"$(inherited)",
					"@executable_path/Frameworks",
				);
				MARKETING_VERSION = 1.0;
				PRODUCT_BUNDLE_IDENTIFIER = eelneb.Voto;
				PRODUCT_NAME = "$(TARGET_NAME)";
				SWIFT_EMIT_LOC_STRINGS = YES;
				SWIFT_VERSION = 5.0;
				TARGETED_DEVICE_FAMILY = "1,2";
			};
			name = Release;
		};
/* End XCBuildConfiguration section */

/* Begin XCConfigurationList section */
		D8DE552B29F9CD0400BA5E71 /* Build configuration list for PBXProject "Voto" */ = {
			isa = XCConfigurationList;
			buildConfigurations = (
				D8DE553C29F9CD0900BA5E71 /* Debug */,
				D8DE553D29F9CD0900BA5E71 /* Release */,
			);
			defaultConfigurationIsVisible = 0;
			defaultConfigurationName = Release;
		};
		D8DE553E29F9CD0900BA5E71 /* Build configuration list for PBXNativeTarget "Voto" */ = {
			isa = XCConfigurationList;
			buildConfigurations = (
				D8DE553F29F9CD0900BA5E71 /* Debug */,
				D8DE554029F9CD0900BA5E71 /* Release */,
			);
			defaultConfigurationIsVisible = 0;
			defaultConfigurationName = Release;
		};
/* End XCConfigurationList section */

/* Begin XCRemoteSwiftPackageReference section */
		D8DE554329F9CDA900BA5E71 /* XCRemoteSwiftPackageReference "firebase-ios-sdk" */ = {
			isa = XCRemoteSwiftPackageReference;
			repositoryURL = "https://github.com/firebase/firebase-ios-sdk.git";
			requirement = {
				kind = upToNextMajorVersion;
				minimumVersion = 10.0.0;
			};
		};
/* End XCRemoteSwiftPackageReference section */

/* Begin XCSwiftPackageProductDependency section */
		D8DE554429F9CDA900BA5E71 /* FirebaseAuth */ = {
			isa = XCSwiftPackageProductDependency;
			package = D8DE554329F9CDA900BA5E71 /* XCRemoteSwiftPackageReference "firebase-ios-sdk" */;
			productName = FirebaseAuth;
		};
		D8DE554629F9CDA900BA5E71 /* FirebaseFirestore */ = {
			isa = XCSwiftPackageProductDependency;
			package = D8DE554329F9CDA900BA5E71 /* XCRemoteSwiftPackageReference "firebase-ios-sdk" */;
			productName = FirebaseFirestore;
		};
		D8DE554829F9CDA900BA5E71 /* FirebaseFirestoreSwift */ = {
			isa = XCSwiftPackageProductDependency;
			package = D8DE554329F9CDA900BA5E71 /* XCRemoteSwiftPackageReference "firebase-ios-sdk" */;
			productName = FirebaseFirestoreSwift;
		};
		D8DE554A29F9CDA900BA5E71 /* FirebaseStorage */ = {
			isa = XCSwiftPackageProductDependency;
			package = D8DE554329F9CDA900BA5E71 /* XCRemoteSwiftPackageReference "firebase-ios-sdk" */;
			productName = FirebaseStorage;
		};
/* End XCSwiftPackageProductDependency section */
	};
	rootObject = D8DE552829F9CD0400BA5E71 /* Project object */;
}
